// !$*UTF8*$!
{
	archiveVersion = 1;
	classes = {
	};
	objectVersion = 46;
	objects = {

/* Begin PBXBuildFile section */
		04671B4D1638CF1900B4B6F1 /* UIKit.framework in Frameworks */ = {isa = PBXBuildFile; fileRef = 04671B4C1638CF1900B4B6F1 /* UIKit.framework */; };
		04671B4F1638CF1900B4B6F1 /* Foundation.framework in Frameworks */ = {isa = PBXBuildFile; fileRef = 04671B4E1638CF1900B4B6F1 /* Foundation.framework */; };
		04671B511638CF1900B4B6F1 /* CoreGraphics.framework in Frameworks */ = {isa = PBXBuildFile; fileRef = 04671B501638CF1900B4B6F1 /* CoreGraphics.framework */; };
		04671B571638CF1900B4B6F1 /* InfoPlist.strings in Resources */ = {isa = PBXBuildFile; fileRef = 04671B551638CF1900B4B6F1 /* InfoPlist.strings */; };
		04671B591638CF1900B4B6F1 /* main.m in Sources */ = {isa = PBXBuildFile; fileRef = 04671B581638CF1900B4B6F1 /* main.m */; };
		04671B5D1638CF1900B4B6F1 /* AppDelegate.m in Sources */ = {isa = PBXBuildFile; fileRef = 04671B5C1638CF1900B4B6F1 /* AppDelegate.m */; };
		04671B601638CF1900B4B6F1 /* ViewController.m in Sources */ = {isa = PBXBuildFile; fileRef = 04671B5F1638CF1900B4B6F1 /* ViewController.m */; };
		04671B631638CF1900B4B6F1 /* ViewController.xib in Resources */ = {isa = PBXBuildFile; fileRef = 04671B611638CF1900B4B6F1 /* ViewController.xib */; };
/* End PBXBuildFile section */

/* Begin PBXFileReference section */
		04671B481638CF1900B4B6F1 /* Superpigtest.app */ = {isa = PBXFileReference; explicitFileType = wrapper.application; includeInIndex = 0; path = Superpigtest.app; sourceTree = BUILT_PRODUCTS_DIR; };
		04671B4C1638CF1900B4B6F1 /* UIKit.framework */ = {isa = PBXFileReference; lastKnownFileType = wrapper.framework; name = UIKit.framework; path = System/Library/Frameworks/UIKit.framework; sourceTree = SDKROOT; };
		04671B4E1638CF1900B4B6F1 /* Foundation.framework */ = {isa = PBXFileReference; lastKnownFileType = wrapper.framework; name = Foundation.framework; path = System/Library/Frameworks/Foundation.framework; sourceTree = SDKROOT; };
		04671B501638CF1900B4B6F1 /* CoreGraphics.framework */ = {isa = PBXFileReference; lastKnownFileType = wrapper.framework; name = CoreGraphics.framework; path = System/Library/Frameworks/CoreGraphics.framework; sourceTree = SDKROOT; };
		04671B541638CF1900B4B6F1 /* Superpigtest-Info.plist */ = {isa = PBXFileReference; path = "Superpigtest-Info.plist"; sourceTree = "<group>"; };
		04671B561638CF1900B4B6F1 /* en */ = {isa = PBXFileReference; lastKnownFileType = text.plist.strings; name = en; path = en.lproj/InfoPlist.strings; sourceTree = "<group>"; };
		04671B581638CF1900B4B6F1 /* main.m */ = {isa = PBXFileReference; lastKnownFileType = sourcecode.c.objc; path = main.m; sourceTree = "<group>"; };
		04671B5A1638CF1900B4B6F1 /* Superpigtest-Prefix.pch */ = {isa = PBXFileReference; path = "Superpigtest-Prefix.pch"; sourceTree = "<group>"; };
		04671B5B1638CF1900B4B6F1 /* AppDelegate.h */ = {isa = PBXFileReference; path = AppDelegate.h; sourceTree = "<group>"; };
		04671B5C1638CF1900B4B6F1 /* AppDelegate.m */ = {isa = PBXFileReference; lastKnownFileType = sourcecode.c.objc; path = AppDelegate.m; sourceTree = "<group>"; };
		04671B5E1638CF1900B4B6F1 /* ViewController.h */ = {isa = PBXFileReference; path = ViewController.h; sourceTree = "<group>"; };
		04671B5F1638CF1900B4B6F1 /* ViewController.m */ = {isa = PBXFileReference; lastKnownFileType = sourcecode.c.objc; path = ViewController.m; sourceTree = "<group>"; };
		04671B621638CF1900B4B6F1 /* en */ = {isa = PBXFileReference; lastKnownFileType = file.xib; name = en; path = en.lproj/ViewController.xib; sourceTree = "<group>"; };
/* End PBXFileReference section */

/* Begin PBXFrameworksBuildPhase section */
		04671B451638CF1900B4B6F1 /* Frameworks */ = {
			isa = PBXFrameworksBuildPhase;
			buildActionMask = 2147483647;
			files = (
				04671B4D1638CF1900B4B6F1 /* UIKit.framework in Frameworks */,
				04671B4F1638CF1900B4B6F1 /* Foundation.framework in Frameworks */,
				04671B511638CF1900B4B6F1 /* CoreGraphics.framework in Frameworks */,
			);
			runOnlyForDeploymentPostprocessing = 0;
		};
/* End PBXFrameworksBuildPhase section */

/* Begin PBXGroup section */
		04671B3D1638CF1900B4B6F1 = {
			isa = PBXGroup;
			children = (
				04671B521638CF1900B4B6F1 /* Superpigtest */,
				04671B4B1638CF1900B4B6F1 /* Frameworks */,
				04671B491638CF1900B4B6F1 /* Products */,
			);
			sourceTree = "<group>";
		};
		04671B491638CF1900B4B6F1 /* Products */ = {
			isa = PBXGroup;
			children = (
				04671B481638CF1900B4B6F1 /* Superpigtest.app */,
			);
			name = Products;
			sourceTree = "<group>";
		};
		04671B4B1638CF1900B4B6F1 /* Frameworks */ = {
			isa = PBXGroup;
			children = (
				04671B4C1638CF1900B4B6F1 /* UIKit.framework */,
				04671B4E1638CF1900B4B6F1 /* Foundation.framework */,
				04671B501638CF1900B4B6F1 /* CoreGraphics.framework */,
			);
			name = Frameworks;
			sourceTree = "<group>";
		};
		04671B521638CF1900B4B6F1 /* Superpigtest */ = {
			isa = PBXGroup;
			children = (
				04671B5B1638CF1900B4B6F1 /* AppDelegate.h */,
				04671B5C1638CF1900B4B6F1 /* AppDelegate.m */,
				04671B5E1638CF1900B4B6F1 /* ViewController.h */,
				04671B5F1638CF1900B4B6F1 /* ViewController.m */,
				04671B611638CF1900B4B6F1 /* ViewController.xib */,
				04671B531638CF1900B4B6F1 /* Supporting Files */,
			);
			path = Superpigtest;
			sourceTree = "<group>";
		};
		04671B531638CF1900B4B6F1 /* Supporting Files */ = {
			isa = PBXGroup;
			children = (
				04671B541638CF1900B4B6F1 /* Superpigtest-Info.plist */,
				04671B551638CF1900B4B6F1 /* InfoPlist.strings */,
				04671B581638CF1900B4B6F1 /* main.m */,
				04671B5A1638CF1900B4B6F1 /* Superpigtest-Prefix.pch */,
			);
			name = "Supporting Files";
			sourceTree = "<group>";
		};
/* End PBXGroup section */

/* Begin PBXNativeTarget section */
		04671B471638CF1900B4B6F1 /* Superpigtest */ = {
			isa = PBXNativeTarget;
			buildConfigurationList = 04671B661638CF1900B4B6F1 /* Build configuration list for PBXNativeTarget "Superpigtest" */;
			buildPhases = (
				04671B441638CF1900B4B6F1 /* Sources */,
				04671B451638CF1900B4B6F1 /* Frameworks */,
				04671B461638CF1900B4B6F1 /* Resources */,
			);
			buildRules = (
			);
			dependencies = (
			);
			name = Superpigtest;
			productName = Superpigtest;
			productReference = 04671B481638CF1900B4B6F1 /* Superpigtest.app */;
			productType = "com.apple.product-type.application";
		};
/* End PBXNativeTarget section */

/* Begin PBXProject section */
		04671B3F1638CF1900B4B6F1 /* Project object */ = {
			isa = PBXProject;
			attributes = {
				LastUpgradeCheck = 0420;
				ORGANIZATIONNAME = Orz;
			};
			buildConfigurationList = 04671B421638CF1900B4B6F1 /* Build configuration list for PBXProject "Superpigtest" */;
			compatibilityVersion = "Xcode 3.2";
			developmentRegion = English;
			hasScannedForEncodings = 0;
			knownRegions = (
				en,
			);
			mainGroup = 04671B3D1638CF1900B4B6F1;
			productRefGroup = 04671B491638CF1900B4B6F1 /* Products */;
			projectDirPath = "";
			projectRoot = "";
			targets = (
				04671B471638CF1900B4B6F1 /* Superpigtest */,
			);
		};
/* End PBXProject section */

/* Begin PBXResourcesBuildPhase section */
		04671B461638CF1900B4B6F1 /* Resources */ = {
			isa = PBXResourcesBuildPhase;
			buildActionMask = 2147483647;
			files = (
				04671B571638CF1900B4B6F1 /* InfoPlist.strings in Resources */,
				04671B631638CF1900B4B6F1 /* ViewController.xib in Resources */,
			);
			runOnlyForDeploymentPostprocessing = 0;
		};
/* End PBXResourcesBuildPhase section */

/* Begin PBXSourcesBuildPhase section */
		04671B441638CF1900B4B6F1 /* Sources */ = {
			isa = PBXSourcesBuildPhase;
			buildActionMask = 2147483647;
			files = (
				04671B591638CF1900B4B6F1 /* main.m in Sources */,
				04671B5D1638CF1900B4B6F1 /* AppDelegate.m in Sources */,
				04671B601638CF1900B4B6F1 /* ViewController.m in Sources */,
			);
			runOnlyForDeploymentPostprocessing = 0;
		};
/* End PBXSourcesBuildPhase section */

/* Begin PBXVariantGroup section */
		04671B551638CF1900B4B6F1 /* InfoPlist.strings */ = {
			isa = PBXVariantGroup;
			children = (
				04671B561638CF1900B4B6F1 /* en */,
			);
			name = InfoPlist.strings;
			sourceTree = "<group>";
		};
		04671B611638CF1900B4B6F1 /* ViewController.xib */ = {
			isa = PBXVariantGroup;
			children = (
				04671B621638CF1900B4B6F1 /* en */,
			);
			name = ViewController.xib;
			sourceTree = "<group>";
		};
/* End PBXVariantGroup section */

/* Begin XCBuildConfiguration section */
		04671B641638CF1900B4B6F1 /* Debug */ = {
			isa = XCBuildConfiguration;
			buildSettings = {
				ALWAYS_SEARCH_USER_PATHS = NO;
				ARCHS = "$(ARCHS_STANDARD_32_BIT)";
				"CODE_SIGN_IDENTITY[sdk=iphoneos*]" = "iPhone Developer";
				COPY_PHASE_STRIP = NO;
				GCC_C_LANGUAGE_STANDARD = gnu99;
				GCC_DYNAMIC_NO_PIC = NO;
				GCC_OPTIMIZATION_LEVEL = 0;
				GCC_PREPROCESSOR_DEFINITIONS = (
					"DEBUG=1",
					"$(inherited)",
				);
				GCC_SYMBOLS_PRIVATE_EXTERN = NO;
				GCC_VERSION = com.apple.compilers.llvm.clang.1_0;
				GCC_WARN_ABOUT_MISSING_PROTOTYPES = YES;
				GCC_WARN_ABOUT_RETURN_TYPE = YES;
				GCC_WARN_UNUSED_VARIABLE = YES;
				IPHONEOS_DEPLOYMENT_TARGET = 5.0;
				SDKROOT = iphoneos;
			};
			name = Debug;
		};
		04671B651638CF1900B4B6F1 /* Release */ = {
			isa = XCBuildConfiguration;
			buildSettings = {
				ALWAYS_SEARCH_USER_PATHS = NO;
				ARCHS = "$(ARCHS_STANDARD_32_BIT)";
				"CODE_SIGN_IDENTITY[sdk=iphoneos*]" = "iPhone Developer";
				COPY_PHASE_STRIP = YES;
				GCC_C_LANGUAGE_STANDARD = gnu99;
				GCC_VERSION = com.apple.compilers.llvm.clang.1_0;
				GCC_WARN_ABOUT_MISSING_PROTOTYPES = YES;
				GCC_WARN_ABOUT_RETURN_TYPE = YES;
				GCC_WARN_UNUSED_VARIABLE = YES;
				IPHONEOS_DEPLOYMENT_TARGET = 5.0;
				OTHER_CFLAGS = "-DNS_BLOCK_ASSERTIONS=1";
				SDKROOT = iphoneos;
				VALIDATE_PRODUCT = YES;
			};
			name = Release;
		};
		04671B671638CF1900B4B6F1 /* Debug */ = {
			isa = XCBuildConfiguration;
			buildSettings = {
				GCC_PRECOMPILE_PREFIX_HEADER = YES;
				GCC_PREFIX_HEADER = "Superpigtest/Superpigtest-Prefix.pch";
				INFOPLIST_FILE = "Superpigtest/Superpigtest-Info.plist";
				PRODUCT_NAME = "$(TARGET_NAME)";
				WRAPPER_EXTENSION = app;
			};
			name = Debug;
		};
		04671B681638CF1900B4B6F1 /* Release */ = {
			isa = XCBuildConfiguration;
			buildSettings = {
				GCC_PRECOMPILE_PREFIX_HEADER = YES;
				GCC_PREFIX_HEADER = "Superpigtest/Superpigtest-Prefix.pch";
				INFOPLIST_FILE = "Superpigtest/Superpigtest-Info.plist";
				PRODUCT_NAME = "$(TARGET_NAME)";
				WRAPPER_EXTENSION = app;
			};
			name = Release;
		};
/* End XCBuildConfiguration section */

/* Begin XCConfigurationList section */
		04671B421638CF1900B4B6F1 /* Build configuration list for PBXProject "Superpigtest" */ = {
			isa = XCConfigurationList;
			buildConfigurations = (
				04671B641638CF1900B4B6F1 /* Debug */,
				04671B651638CF1900B4B6F1 /* Release */,
			);
			defaultConfigurationIsVisible = 0;
			defaultConfigurationName = Release;
		};
		04671B661638CF1900B4B6F1 /* Build configuration list for PBXNativeTarget "Superpigtest" */ = {
			isa = XCConfigurationList;
			buildConfigurations = (
				04671B671638CF1900B4B6F1 /* Debug */,
				04671B681638CF1900B4B6F1 /* Release */,
			);
			defaultConfigurationIsVisible = 0;
		};
/* End XCConfigurationList section */
	};
	rootObject = 04671B3F1638CF1900B4B6F1 /* Project object */;
}
